
Microsoft Visual Studio Solution File, Format Version 12.00
# Visual Studio Version 17
VisualStudioVersion = 17.3.32819.101
MinimumVisualStudioVersion = 10.0.40219.1
Project("{9A19103F-16F7-4668-BE54-9A1E7A4F7556}") = "Dispatch.Abstractions", "Dispatch.Abstractions\Dispatch.Abstractions.csproj", "{CDA20433-B015-4D25-9FDD-A414FBE41DF9}"
EndProject
Project("{9A19103F-16F7-4668-BE54-9A1E7A4F7556}") = "Dispatch", "Dispatch\Dispatch.csproj", "{465C62DD-CB30-4839-92F1-87365E5122A7}"
EndProject
Project("{9A19103F-16F7-4668-BE54-9A1E7A4F7556}") = "Dispatch.Tests", "Dispatch.Tests\Dispatch.Tests.csproj", "{9763239E-26B6-47AD-B781-9316078D4E86}"
EndProject
Global
	GlobalSection(SolutionConfigurationPlatforms) = preSolution
		Debug|Any CPU = Debug|Any CPU
		Release|Any CPU = Release|Any CPU
	EndGlobalSection
	GlobalSection(ProjectConfigurationPlatforms) = postSolution
		{CDA20433-B015-4D25-9FDD-A414FBE41DF9}.Debug|Any CPU.ActiveCfg = Debug|Any CPU
		{CDA20433-B015-4D25-9FDD-A414FBE41DF9}.Debug|Any CPU.Build.0 = Debug|Any CPU
		{CDA20433-B015-4D25-9FDD-A414FBE41DF9}.Release|Any CPU.ActiveCfg = Release|Any CPU
		{CDA20433-B015-4D25-9FDD-A414FBE41DF9}.Release|Any CPU.Build.0 = Release|Any CPU
		{465C62DD-CB30-4839-92F1-87365E5122A7}.Debug|Any CPU.ActiveCfg = Debug|Any CPU
		{465C62DD-CB30-4839-92F1-87365E5122A7}.Debug|Any CPU.Build.0 = Debug|Any CPU
		{465C62DD-CB30-4839-92F1-87365E5122A7}.Release|Any CPU.ActiveCfg = Release|Any CPU
		{465C62DD-CB30-4839-92F1-87365E5122A7}.Release|Any CPU.Build.0 = Release|Any CPU
		{9763239E-26B6-47AD-B781-9316078D4E86}.Debug|Any CPU.ActiveCfg = Debug|Any CPU
		{9763239E-26B6-47AD-B781-9316078D4E86}.Debug|Any CPU.Build.0 = Debug|Any CPU
		{9763239E-26B6-47AD-B781-9316078D4E86}.Release|Any CPU.ActiveCfg = Release|Any CPU
		{9763239E-26B6-47AD-B781-9316078D4E86}.Release|Any CPU.Build.0 = Release|Any CPU
	EndGlobalSection
	GlobalSection(SolutionProperties) = preSolution
		HideSolutionNode = FALSE
	EndGlobalSection
	GlobalSection(ExtensibilityGlobals) = postSolution
		SolutionGuid = {523A31F4-598E-41CF-8A7F-CD6BF8B61922}
	EndGlobalSection
EndGlobal
